
Microsoft Visual Studio Solution File, Format Version 12.00
# Visual Studio Version 16
VisualStudioVersion = 25.0.1704.0
MinimumVisualStudioVersion = 10.0.40219.1
Project("{FAE04EC0-301F-11D3-BF4B-00C04F79EFBC}") = "advent-of-code-2022", "aoc\advent-of-code-2022.csproj", "{7F9D103A-B9F3-4EE5-848D-8D0A006D4FD9}"
EndProject
Project("{FAE04EC0-301F-11D3-BF4B-00C04F79EFBC}") = "Tests", "Tests\Tests.csproj", "{84B3874E-0AFB-4341-A66F-3D3235E38971}"
EndProject
Global
	GlobalSection(SolutionConfigurationPlatforms) = preSolution
		Debug|Any CPU = Debug|Any CPU
		Release|Any CPU = Release|Any CPU
	EndGlobalSection
	GlobalSection(ProjectConfigurationPlatforms) = postSolution
		{7F9D103A-B9F3-4EE5-848D-8D0A006D4FD9}.Debug|Any CPU.ActiveCfg = Debug|Any CPU
		{7F9D103A-B9F3-4EE5-848D-8D0A006D4FD9}.Debug|Any CPU.Build.0 = Debug|Any CPU
		{7F9D103A-B9F3-4EE5-848D-8D0A006D4FD9}.Release|Any CPU.ActiveCfg = Release|Any CPU
		{7F9D103A-B9F3-4EE5-848D-8D0A006D4FD9}.Release|Any CPU.Build.0 = Release|Any CPU
		{84B3874E-0AFB-4341-A66F-3D3235E38971}.Debug|Any CPU.ActiveCfg = Debug|Any CPU
		{84B3874E-0AFB-4341-A66F-3D3235E38971}.Debug|Any CPU.Build.0 = Debug|Any CPU
		{84B3874E-0AFB-4341-A66F-3D3235E38971}.Release|Any CPU.ActiveCfg = Release|Any CPU
		{84B3874E-0AFB-4341-A66F-3D3235E38971}.Release|Any CPU.Build.0 = Release|Any CPU
	EndGlobalSection
	GlobalSection(SolutionProperties) = preSolution
		HideSolutionNode = FALSE
	EndGlobalSection
	GlobalSection(ExtensibilityGlobals) = postSolution
		SolutionGuid = {6BA01676-BB77-41F5-922F-A3EA71865834}
	EndGlobalSection
EndGlobal
